// !$*UTF8*$!
{
	archiveVersion = 1;
	classes = {
	};
	objectVersion = 50;
	objects = {

/* Begin PBXBuildFile section */
		6C1A5F93238ADE6B002F0FA1 /* AppDelegate.swift in Sources */ = {isa = PBXBuildFile; fileRef = 6C1A5F92238ADE6B002F0FA1 /* AppDelegate.swift */; };
		6C1A5F95238ADE6B002F0FA1 /* FibonacciViewController.swift in Sources */ = {isa = PBXBuildFile; fileRef = 6C1A5F94238ADE6B002F0FA1 /* FibonacciViewController.swift */; };
		6C1A5F98238ADE6B002F0FA1 /* Main.storyboard in Resources */ = {isa = PBXBuildFile; fileRef = 6C1A5F96238ADE6B002F0FA1 /* Main.storyboard */; };
		6C1A5F9A238ADE6C002F0FA1 /* Assets.xcassets in Resources */ = {isa = PBXBuildFile; fileRef = 6C1A5F99238ADE6C002F0FA1 /* Assets.xcassets */; };
		6C1A5F9D238ADE6C002F0FA1 /* LaunchScreen.storyboard in Resources */ = {isa = PBXBuildFile; fileRef = 6C1A5F9B238ADE6C002F0FA1 /* LaunchScreen.storyboard */; };
		6C1A5FA8238ADE6C002F0FA1 /* FibonacciNumbersTests.swift in Sources */ = {isa = PBXBuildFile; fileRef = 6C1A5FA7238ADE6C002F0FA1 /* FibonacciNumbersTests.swift */; };
		6C1A5FB8238ADFB7002F0FA1 /* FibonacciViewModel.swift in Sources */ = {isa = PBXBuildFile; fileRef = 6C1A5FB7238ADFB7002F0FA1 /* FibonacciViewModel.swift */; };
		6C1A5FBE238AE60C002F0FA1 /* README.md in Resources */ = {isa = PBXBuildFile; fileRef = 6C1A5FBD238AE60C002F0FA1 /* README.md */; };
/* End PBXBuildFile section */

/* Begin PBXContainerItemProxy section */
		6C1A5FA4238ADE6C002F0FA1 /* PBXContainerItemProxy */ = {
			isa = PBXContainerItemProxy;
			containerPortal = 6C1A5F87238ADE6B002F0FA1 /* Project object */;
			proxyType = 1;
			remoteGlobalIDString = 6C1A5F8E238ADE6B002F0FA1;
			remoteInfo = FibonacciNumbers;
		};
/* End PBXContainerItemProxy section */

/* Begin PBXFileReference section */
		6C1A5F8F238ADE6B002F0FA1 /* FibonacciNumbers.app */ = {isa = PBXFileReference; explicitFileType = wrapper.application; includeInIndex = 0; path = FibonacciNumbers.app; sourceTree = BUILT_PRODUCTS_DIR; };
		6C1A5F92238ADE6B002F0FA1 /* AppDelegate.swift */ = {isa = PBXFileReference; lastKnownFileType = sourcecode.swift; path = AppDelegate.swift; sourceTree = "<group>"; };
		6C1A5F94238ADE6B002F0FA1 /* FibonacciViewController.swift */ = {isa = PBXFileReference; lastKnownFileType = sourcecode.swift; path = FibonacciViewController.swift; sourceTree = "<group>"; };
		6C1A5F97238ADE6B002F0FA1 /* Base */ = {isa = PBXFileReference; lastKnownFileType = file.storyboard; name = Base; path = Base.lproj/Main.storyboard; sourceTree = "<group>"; };
		6C1A5F99238ADE6C002F0FA1 /* Assets.xcassets */ = {isa = PBXFileReference; lastKnownFileType = folder.assetcatalog; path = Assets.xcassets; sourceTree = "<group>"; };
		6C1A5F9C238ADE6C002F0FA1 /* Base */ = {isa = PBXFileReference; lastKnownFileType = file.storyboard; name = Base; path = Base.lproj/LaunchScreen.storyboard; sourceTree = "<group>"; };
		6C1A5F9E238ADE6C002F0FA1 /* Info.plist */ = {isa = PBXFileReference; lastKnownFileType = text.plist.xml; path = Info.plist; sourceTree = "<group>"; };
		6C1A5FA3238ADE6C002F0FA1 /* FibonacciNumbersTests.xctest */ = {isa = PBXFileReference; explicitFileType = wrapper.cfbundle; includeInIndex = 0; path = FibonacciNumbersTests.xctest; sourceTree = BUILT_PRODUCTS_DIR; };
		6C1A5FA7238ADE6C002F0FA1 /* FibonacciNumbersTests.swift */ = {isa = PBXFileReference; lastKnownFileType = sourcecode.swift; path = FibonacciNumbersTests.swift; sourceTree = "<group>"; };
		6C1A5FA9238ADE6C002F0FA1 /* Info.plist */ = {isa = PBXFileReference; lastKnownFileType = text.plist.xml; path = Info.plist; sourceTree = "<group>"; };
		6C1A5FB7238ADFB7002F0FA1 /* FibonacciViewModel.swift */ = {isa = PBXFileReference; lastKnownFileType = sourcecode.swift; path = FibonacciViewModel.swift; sourceTree = "<group>"; };
		6C1A5FBD238AE60C002F0FA1 /* README.md */ = {isa = PBXFileReference; fileEncoding = 4; lastKnownFileType = net.daringfireball.markdown; path = README.md; sourceTree = "<group>"; };
/* End PBXFileReference section */

/* Begin PBXFrameworksBuildPhase section */
		6C1A5F8C238ADE6B002F0FA1 /* Frameworks */ = {
			isa = PBXFrameworksBuildPhase;
			buildActionMask = 2147483647;
			files = (
			);
			runOnlyForDeploymentPostprocessing = 0;
		};
		6C1A5FA0238ADE6C002F0FA1 /* Frameworks */ = {
			isa = PBXFrameworksBuildPhase;
			buildActionMask = 2147483647;
			files = (
			);
			runOnlyForDeploymentPostprocessing = 0;
		};
/* End PBXFrameworksBuildPhase section */

/* Begin PBXGroup section */
		6C1A5F86238ADE6B002F0FA1 = {
			isa = PBXGroup;
			children = (
				6C1A5FBD238AE60C002F0FA1 /* README.md */,
				6C1A5F91238ADE6B002F0FA1 /* FibonacciNumbers */,
				6C1A5FA6238ADE6C002F0FA1 /* FibonacciNumbersTests */,
				6C1A5F90238ADE6B002F0FA1 /* Products */,
			);
			sourceTree = "<group>";
		};
		6C1A5F90238ADE6B002F0FA1 /* Products */ = {
			isa = PBXGroup;
			children = (
				6C1A5F8F238ADE6B002F0FA1 /* FibonacciNumbers.app */,
				6C1A5FA3238ADE6C002F0FA1 /* FibonacciNumbersTests.xctest */,
			);
			name = Products;
			sourceTree = "<group>";
		};
		6C1A5F91238ADE6B002F0FA1 /* FibonacciNumbers */ = {
			isa = PBXGroup;
			children = (
				6C1A5FB9238ADFD0002F0FA1 /* scenes */,
				6C1A5F92238ADE6B002F0FA1 /* AppDelegate.swift */,
				6C1A5F99238ADE6C002F0FA1 /* Assets.xcassets */,
				6C1A5F9B238ADE6C002F0FA1 /* LaunchScreen.storyboard */,
				6C1A5F9E238ADE6C002F0FA1 /* Info.plist */,
			);
			path = FibonacciNumbers;
			sourceTree = "<group>";
		};
		6C1A5FA6238ADE6C002F0FA1 /* FibonacciNumbersTests */ = {
			isa = PBXGroup;
			children = (
				6C1A5FA7238ADE6C002F0FA1 /* FibonacciNumbersTests.swift */,
				6C1A5FA9238ADE6C002F0FA1 /* Info.plist */,
			);
			path = FibonacciNumbersTests;
			sourceTree = "<group>";
		};
		6C1A5FB9238ADFD0002F0FA1 /* scenes */ = {
			isa = PBXGroup;
			children = (
				6C1A5FBB238AE047002F0FA1 /* Extensions */,
				6C1A5FBA238ADFD6002F0FA1 /* fibonacci-list */,
			);
			path = scenes;
			sourceTree = "<group>";
		};
		6C1A5FBA238ADFD6002F0FA1 /* fibonacci-list */ = {
			isa = PBXGroup;
			children = (
				6C1A5FB7238ADFB7002F0FA1 /* FibonacciViewModel.swift */,
				6C1A5F94238ADE6B002F0FA1 /* FibonacciViewController.swift */,
				6C1A5F96238ADE6B002F0FA1 /* Main.storyboard */,
			);
			path = "fibonacci-list";
			sourceTree = "<group>";
		};
		6C1A5FBB238AE047002F0FA1 /* Extensions */ = {
			isa = PBXGroup;
			children = (
			);
			path = Extensions;
			sourceTree = "<group>";
		};
/* End PBXGroup section */

/* Begin PBXNativeTarget section */
		6C1A5F8E238ADE6B002F0FA1 /* FibonacciNumbers */ = {
			isa = PBXNativeTarget;
			buildConfigurationList = 6C1A5FAC238ADE6C002F0FA1 /* Build configuration list for PBXNativeTarget "FibonacciNumbers" */;
			buildPhases = (
				6C1A5F8B238ADE6B002F0FA1 /* Sources */,
				6C1A5F8C238ADE6B002F0FA1 /* Frameworks */,
				6C1A5F8D238ADE6B002F0FA1 /* Resources */,
			);
			buildRules = (
			);
			dependencies = (
			);
			name = FibonacciNumbers;
			productName = FibonacciNumbers;
			productReference = 6C1A5F8F238ADE6B002F0FA1 /* FibonacciNumbers.app */;
			productType = "com.apple.product-type.application";
		};
		6C1A5FA2238ADE6C002F0FA1 /* FibonacciNumbersTests */ = {
			isa = PBXNativeTarget;
			buildConfigurationList = 6C1A5FAF238ADE6C002F0FA1 /* Build configuration list for PBXNativeTarget "FibonacciNumbersTests" */;
			buildPhases = (
				6C1A5F9F238ADE6C002F0FA1 /* Sources */,
				6C1A5FA0238ADE6C002F0FA1 /* Frameworks */,
				6C1A5FA1238ADE6C002F0FA1 /* Resources */,
			);
			buildRules = (
			);
			dependencies = (
				6C1A5FA5238ADE6C002F0FA1 /* PBXTargetDependency */,
			);
			name = FibonacciNumbersTests;
			productName = FibonacciNumbersTests;
			productReference = 6C1A5FA3238ADE6C002F0FA1 /* FibonacciNumbersTests.xctest */;
			productType = "com.apple.product-type.bundle.unit-test";
		};
/* End PBXNativeTarget section */

/* Begin PBXProject section */
		6C1A5F87238ADE6B002F0FA1 /* Project object */ = {
			isa = PBXProject;
			attributes = {
				LastSwiftUpdateCheck = 1030;
				LastUpgradeCheck = 1030;
				ORGANIZATIONNAME = abuzeid;
				TargetAttributes = {
					6C1A5F8E238ADE6B002F0FA1 = {
						CreatedOnToolsVersion = 10.3;
					};
					6C1A5FA2238ADE6C002F0FA1 = {
						CreatedOnToolsVersion = 10.3;
						TestTargetID = 6C1A5F8E238ADE6B002F0FA1;
					};
				};
			};
			buildConfigurationList = 6C1A5F8A238ADE6B002F0FA1 /* Build configuration list for PBXProject "FibonacciNumbers" */;
			compatibilityVersion = "Xcode 9.3";
			developmentRegion = en;
			hasScannedForEncodings = 0;
			knownRegions = (
				en,
				Base,
			);
			mainGroup = 6C1A5F86238ADE6B002F0FA1;
			productRefGroup = 6C1A5F90238ADE6B002F0FA1 /* Products */;
			projectDirPath = "";
			projectRoot = "";
			targets = (
				6C1A5F8E238ADE6B002F0FA1 /* FibonacciNumbers */,
				6C1A5FA2238ADE6C002F0FA1 /* FibonacciNumbersTests */,
			);
		};
/* End PBXProject section */

/* Begin PBXResourcesBuildPhase section */
		6C1A5F8D238ADE6B002F0FA1 /* Resources */ = {
			isa = PBXResourcesBuildPhase;
			buildActionMask = 2147483647;
			files = (
				6C1A5F9D238ADE6C002F0FA1 /* LaunchScreen.storyboard in Resources */,
				6C1A5F9A238ADE6C002F0FA1 /* Assets.xcassets in Resources */,
				6C1A5FBE238AE60C002F0FA1 /* README.md in Resources */,
				6C1A5F98238ADE6B002F0FA1 /* Main.storyboard in Resources */,
			);
			runOnlyForDeploymentPostprocessing = 0;
		};
		6C1A5FA1238ADE6C002F0FA1 /* Resources */ = {
			isa = PBXResourcesBuildPhase;
			buildActionMask = 2147483647;
			files = (
			);
			runOnlyForDeploymentPostprocessing = 0;
		};
/* End PBXResourcesBuildPhase section */

/* Begin PBXSourcesBuildPhase section */
		6C1A5F8B238ADE6B002F0FA1 /* Sources */ = {
			isa = PBXSourcesBuildPhase;
			buildActionMask = 2147483647;
			files = (
				6C1A5F95238ADE6B002F0FA1 /* FibonacciViewController.swift in Sources */,
				6C1A5FB8238ADFB7002F0FA1 /* FibonacciViewModel.swift in Sources */,
				6C1A5F93238ADE6B002F0FA1 /* AppDelegate.swift in Sources */,
			);
			runOnlyForDeploymentPostprocessing = 0;
		};
		6C1A5F9F238ADE6C002F0FA1 /* Sources */ = {
			isa = PBXSourcesBuildPhase;
			buildActionMask = 2147483647;
			files = (
				6C1A5FA8238ADE6C002F0FA1 /* FibonacciNumbersTests.swift in Sources */,
			);
			runOnlyForDeploymentPostprocessing = 0;
		};
/* End PBXSourcesBuildPhase section */

/* Begin PBXTargetDependency section */
		6C1A5FA5238ADE6C002F0FA1 /* PBXTargetDependency */ = {
			isa = PBXTargetDependency;
			target = 6C1A5F8E238ADE6B002F0FA1 /* FibonacciNumbers */;
			targetProxy = 6C1A5FA4238ADE6C002F0FA1 /* PBXContainerItemProxy */;
		};
/* End PBXTargetDependency section */

/* Begin PBXVariantGroup section */
		6C1A5F96238ADE6B002F0FA1 /* Main.storyboard */ = {
			isa = PBXVariantGroup;
			children = (
				6C1A5F97238ADE6B002F0FA1 /* Base */,
			);
			name = Main.storyboard;
			sourceTree = "<group>";
		};
		6C1A5F9B238ADE6C002F0FA1 /* LaunchScreen.storyboard */ = {
			isa = PBXVariantGroup;
			children = (
				6C1A5F9C238ADE6C002F0FA1 /* Base */,
			);
			name = LaunchScreen.storyboard;
			sourceTree = "<group>";
		};
/* End PBXVariantGroup section */

/* Begin XCBuildConfiguration section */
		6C1A5FAA238ADE6C002F0FA1 /* Debug */ = {
			isa = XCBuildConfiguration;
			buildSettings = {
				ALWAYS_SEARCH_USER_PATHS = NO;
				CLANG_ANALYZER_NONNULL = YES;
				CLANG_ANALYZER_NUMBER_OBJECT_CONVERSION = YES_AGGRESSIVE;
				CLANG_CXX_LANGUAGE_STANDARD = "gnu++14";
				CLANG_CXX_LIBRARY = "libc++";
				CLANG_ENABLE_MODULES = YES;
				CLANG_ENABLE_OBJC_ARC = YES;
				CLANG_ENABLE_OBJC_WEAK = YES;
				CLANG_WARN_BLOCK_CAPTURE_AUTORELEASING = YES;
				CLANG_WARN_BOOL_CONVERSION = YES;
				CLANG_WARN_COMMA = YES;
				CLANG_WARN_CONSTANT_CONVERSION = YES;
				CLANG_WARN_DEPRECATED_OBJC_IMPLEMENTATIONS = YES;
				CLANG_WARN_DIRECT_OBJC_ISA_USAGE = YES_ERROR;
				CLANG_WARN_DOCUMENTATION_COMMENTS = YES;
				CLANG_WARN_EMPTY_BODY = YES;
				CLANG_WARN_ENUM_CONVERSION = YES;
				CLANG_WARN_INFINITE_RECURSION = YES;
				CLANG_WARN_INT_CONVERSION = YES;
				CLANG_WARN_NON_LITERAL_NULL_CONVERSION = YES;
				CLANG_WARN_OBJC_IMPLICIT_RETAIN_SELF = YES;
				CLANG_WARN_OBJC_LITERAL_CONVERSION = YES;
				CLANG_WARN_OBJC_ROOT_CLASS = YES_ERROR;
				CLANG_WARN_RANGE_LOOP_ANALYSIS = YES;
				CLANG_WARN_STRICT_PROTOTYPES = YES;
				CLANG_WARN_SUSPICIOUS_MOVE = YES;
				CLANG_WARN_UNGUARDED_AVAILABILITY = YES_AGGRESSIVE;
				CLANG_WARN_UNREACHABLE_CODE = YES;
				CLANG_WARN__DUPLICATE_METHOD_MATCH = YES;
				CODE_SIGN_IDENTITY = "iPhone Developer";
				COPY_PHASE_STRIP = NO;
				DEBUG_INFORMATION_FORMAT = dwarf;
				ENABLE_STRICT_OBJC_MSGSEND = YES;
				ENABLE_TESTABILITY = YES;
				GCC_C_LANGUAGE_STANDARD = gnu11;
				GCC_DYNAMIC_NO_PIC = NO;
				GCC_NO_COMMON_BLOCKS = YES;
				GCC_OPTIMIZATION_LEVEL = 0;
				GCC_PREPROCESSOR_DEFINITIONS = (
					"DEBUG=1",
					"$(inherited)",
				);
				GCC_WARN_64_TO_32_BIT_CONVERSION = YES;
				GCC_WARN_ABOUT_RETURN_TYPE = YES_ERROR;
				GCC_WARN_UNDECLARED_SELECTOR = YES;
				GCC_WARN_UNINITIALIZED_AUTOS = YES_AGGRESSIVE;
				GCC_WARN_UNUSED_FUNCTION = YES;
				GCC_WARN_UNUSED_VARIABLE = YES;
				IPHONEOS_DEPLOYMENT_TARGET = 11.0;
				MTL_ENABLE_DEBUG_INFO = INCLUDE_SOURCE;
				MTL_FAST_MATH = YES;
				ONLY_ACTIVE_ARCH = YES;
				SDKROOT = iphoneos;
				SWIFT_ACTIVE_COMPILATION_CONDITIONS = DEBUG;
				SWIFT_OPTIMIZATION_LEVEL = "-Onone";
			};
			name = Debug;
		};
		6C1A5FAB238ADE6C002F0FA1 /* Release */ = {
			isa = XCBuildConfiguration;
			buildSettings = {
				ALWAYS_SEARCH_USER_PATHS = NO;
				CLANG_ANALYZER_NONNULL = YES;
				CLANG_ANALYZER_NUMBER_OBJECT_CONVERSION = YES_AGGRESSIVE;
				CLANG_CXX_LANGUAGE_STANDARD = "gnu++14";
				CLANG_CXX_LIBRARY = "libc++";
				CLANG_ENABLE_MODULES = YES;
				CLANG_ENABLE_OBJC_ARC = YES;
				CLANG_ENABLE_OBJC_WEAK = YES;
				CLANG_WARN_BLOCK_CAPTURE_AUTORELEASING = YES;
				CLANG_WARN_BOOL_CONVERSION = YES;
				CLANG_WARN_COMMA = YES;
				CLANG_WARN_CONSTANT_CONVERSION = YES;
				CLANG_WARN_DEPRECATED_OBJC_IMPLEMENTATIONS = YES;
				CLANG_WARN_DIRECT_OBJC_ISA_USAGE = YES_ERROR;
				CLANG_WARN_DOCUMENTATION_COMMENTS = YES;
				CLANG_WARN_EMPTY_BODY = YES;
				CLANG_WARN_ENUM_CONVERSION = YES;
				CLANG_WARN_INFINITE_RECURSION = YES;
				CLANG_WARN_INT_CONVERSION = YES;
				CLANG_WARN_NON_LITERAL_NULL_CONVERSION = YES;
				CLANG_WARN_OBJC_IMPLICIT_RETAIN_SELF = YES;
				CLANG_WARN_OBJC_LITERAL_CONVERSION = YES;
				CLANG_WARN_OBJC_ROOT_CLASS = YES_ERROR;
				CLANG_WARN_RANGE_LOOP_ANALYSIS = YES;
				CLANG_WARN_STRICT_PROTOTYPES = YES;
				CLANG_WARN_SUSPICIOUS_MOVE = YES;
				CLANG_WARN_UNGUARDED_AVAILABILITY = YES_AGGRESSIVE;
				CLANG_WARN_UNREACHABLE_CODE = YES;
				CLANG_WARN__DUPLICATE_METHOD_MATCH = YES;
				CODE_SIGN_IDENTITY = "iPhone Developer";
				COPY_PHASE_STRIP = NO;
				DEBUG_INFORMATION_FORMAT = "dwarf-with-dsym";
				ENABLE_NS_ASSERTIONS = NO;
				ENABLE_STRICT_OBJC_MSGSEND = YES;
				GCC_C_LANGUAGE_STANDARD = gnu11;
				GCC_NO_COMMON_BLOCKS = YES;
				GCC_WARN_64_TO_32_BIT_CONVERSION = YES;
				GCC_WARN_ABOUT_RETURN_TYPE = YES_ERROR;
				GCC_WARN_UNDECLARED_SELECTOR = YES;
				GCC_WARN_UNINITIALIZED_AUTOS = YES_AGGRESSIVE;
				GCC_WARN_UNUSED_FUNCTION = YES;
				GCC_WARN_UNUSED_VARIABLE = YES;
				IPHONEOS_DEPLOYMENT_TARGET = 11.0;
				MTL_ENABLE_DEBUG_INFO = NO;
				MTL_FAST_MATH = YES;
				SDKROOT = iphoneos;
				SWIFT_COMPILATION_MODE = wholemodule;
				SWIFT_OPTIMIZATION_LEVEL = "-O";
				VALIDATE_PRODUCT = YES;
			};
			name = Release;
		};
		6C1A5FAD238ADE6C002F0FA1 /* Debug */ = {
			isa = XCBuildConfiguration;
			buildSettings = {
				ASSETCATALOG_COMPILER_APPICON_NAME = AppIcon;
				CODE_SIGN_STYLE = Automatic;
				INFOPLIST_FILE = FibonacciNumbers/Info.plist;
				LD_RUNPATH_SEARCH_PATHS = (
					"$(inherited)",
					"@executable_path/Frameworks",
				);
				PRODUCT_BUNDLE_IDENTIFIER = abuzeid.FibonacciNumbers;
				PRODUCT_NAME = "$(TARGET_NAME)";
				SWIFT_VERSION = 5.0;
				TARGETED_DEVICE_FAMILY = "1,2";
			};
			name = Debug;
		};
		6C1A5FAE238ADE6C002F0FA1 /* Release */ = {
			isa = XCBuildConfiguration;
			buildSettings = {
				ASSETCATALOG_COMPILER_APPICON_NAME = AppIcon;
				CODE_SIGN_STYLE = Automatic;
				INFOPLIST_FILE = FibonacciNumbers/Info.plist;
				LD_RUNPATH_SEARCH_PATHS = (
					"$(inherited)",
					"@executable_path/Frameworks",
				);
				PRODUCT_BUNDLE_IDENTIFIER = abuzeid.FibonacciNumbers;
				PRODUCT_NAME = "$(TARGET_NAME)";
				SWIFT_VERSION = 5.0;
				TARGETED_DEVICE_FAMILY = "1,2";
			};
			name = Release;
		};
		6C1A5FB0238ADE6C002F0FA1 /* Debug */ = {
			isa = XCBuildConfiguration;
			buildSettings = {
				ALWAYS_EMBED_SWIFT_STANDARD_LIBRARIES = YES;
				BUNDLE_LOADER = "$(TEST_HOST)";
				CODE_SIGN_STYLE = Automatic;
				INFOPLIST_FILE = FibonacciNumbersTests/Info.plist;
				LD_RUNPATH_SEARCH_PATHS = (
					"$(inherited)",
					"@executable_path/Frameworks",
					"@loader_path/Frameworks",
				);
				PRODUCT_BUNDLE_IDENTIFIER = abuzeid.FibonacciNumbersTests;
				PRODUCT_NAME = "$(TARGET_NAME)";
				SWIFT_VERSION = 5.0;
				TARGETED_DEVICE_FAMILY = "1,2";
				TEST_HOST = "$(BUILT_PRODUCTS_DIR)/FibonacciNumbers.app/FibonacciNumbers";
			};
			name = Debug;
		};
		6C1A5FB1238ADE6C002F0FA1 /* Release */ = {
			isa = XCBuildConfiguration;
			buildSettings = {
				ALWAYS_EMBED_SWIFT_STANDARD_LIBRARIES = YES;
				BUNDLE_LOADER = "$(TEST_HOST)";
				CODE_SIGN_STYLE = Automatic;
				INFOPLIST_FILE = FibonacciNumbersTests/Info.plist;
				LD_RUNPATH_SEARCH_PATHS = (
					"$(inherited)",
					"@executable_path/Frameworks",
					"@loader_path/Frameworks",
				);
				PRODUCT_BUNDLE_IDENTIFIER = abuzeid.FibonacciNumbersTests;
				PRODUCT_NAME = "$(TARGET_NAME)";
				SWIFT_VERSION = 5.0;
				TARGETED_DEVICE_FAMILY = "1,2";
				TEST_HOST = "$(BUILT_PRODUCTS_DIR)/FibonacciNumbers.app/FibonacciNumbers";
			};
			name = Release;
		};
/* End XCBuildConfiguration section */

/* Begin XCConfigurationList section */
		6C1A5F8A238ADE6B002F0FA1 /* Build configuration list for PBXProject "FibonacciNumbers" */ = {
			isa = XCConfigurationList;
			buildConfigurations = (
				6C1A5FAA238ADE6C002F0FA1 /* Debug */,
				6C1A5FAB238ADE6C002F0FA1 /* Release */,
			);
			defaultConfigurationIsVisible = 0;
			defaultConfigurationName = Release;
		};
		6C1A5FAC238ADE6C002F0FA1 /* Build configuration list for PBXNativeTarget "FibonacciNumbers" */ = {
			isa = XCConfigurationList;
			buildConfigurations = (
				6C1A5FAD238ADE6C002F0FA1 /* Debug */,
				6C1A5FAE238ADE6C002F0FA1 /* Release */,
			);
			defaultConfigurationIsVisible = 0;
			defaultConfigurationName = Release;
		};
		6C1A5FAF238ADE6C002F0FA1 /* Build configuration list for PBXNativeTarget "FibonacciNumbersTests" */ = {
			isa = XCConfigurationList;
			buildConfigurations = (
				6C1A5FB0238ADE6C002F0FA1 /* Debug */,
				6C1A5FB1238ADE6C002F0FA1 /* Release */,
			);
			defaultConfigurationIsVisible = 0;
			defaultConfigurationName = Release;
		};
/* End XCConfigurationList section */
	};
	rootObject = 6C1A5F87238ADE6B002F0FA1 /* Project object */;
}
